
Microsoft Visual Studio Solution File, Format Version 12.00
# Visual Studio Version 16
VisualStudioVersion = 16.0.30225.117
MinimumVisualStudioVersion = 10.0.40219.1
Project("{9A19103F-16F7-4668-BE54-9A1E7A4F7556}") = "LogitWebApp", "LogitWebApp\LogitWebApp.csproj", "{792165CB-5716-4A2C-A239-DD9ADD4DD0AE}"
EndProject
Project("{9A19103F-16F7-4668-BE54-9A1E7A4F7556}") = "LogitWebApp.Tests", "LogitWebApp.Tests\LogitWebApp.Tests.csproj", "{4E8332F6-E490-4CB8-8BCD-CB3DEBDADEBB}"
EndProject
Global
	GlobalSection(SolutionConfigurationPlatforms) = preSolution
		Debug|Any CPU = Debug|Any CPU
		Release|Any CPU = Release|Any CPU
	EndGlobalSection
	GlobalSection(ProjectConfigurationPlatforms) = postSolution
		{792165CB-5716-4A2C-A239-DD9ADD4DD0AE}.Debug|Any CPU.ActiveCfg = Debug|Any CPU
		{792165CB-5716-4A2C-A239-DD9ADD4DD0AE}.Debug|Any CPU.Build.0 = Debug|Any CPU
		{792165CB-5716-4A2C-A239-DD9ADD4DD0AE}.Release|Any CPU.ActiveCfg = Release|Any CPU
		{792165CB-5716-4A2C-A239-DD9ADD4DD0AE}.Release|Any CPU.Build.0 = Release|Any CPU
		{4E8332F6-E490-4CB8-8BCD-CB3DEBDADEBB}.Debug|Any CPU.ActiveCfg = Debug|Any CPU
		{4E8332F6-E490-4CB8-8BCD-CB3DEBDADEBB}.Debug|Any CPU.Build.0 = Debug|Any CPU
		{4E8332F6-E490-4CB8-8BCD-CB3DEBDADEBB}.Release|Any CPU.ActiveCfg = Release|Any CPU
		{4E8332F6-E490-4CB8-8BCD-CB3DEBDADEBB}.Release|Any CPU.Build.0 = Release|Any CPU
	EndGlobalSection
	GlobalSection(SolutionProperties) = preSolution
		HideSolutionNode = FALSE
	EndGlobalSection
	GlobalSection(ExtensibilityGlobals) = postSolution
		SolutionGuid = {2592BC48-E08A-47FA-8084-C02BFCAE0D8F}
	EndGlobalSection
EndGlobal
